
Microsoft Visual Studio Solution File, Format Version 12.00
# Visual Studio Version 17
VisualStudioVersion = 17.0.31903.59
MinimumVisualStudioVersion = 10.0.40219.1
Project("{FAE04EC0-301F-11D3-BF4B-00C04F79EFBC}") = "Discoteque.API", "Discoteque.API\Discoteque.API.csproj", "{6BB6AB9A-F322-4C57-8C75-845D93F4B70E}"
EndProject
Project("{FAE04EC0-301F-11D3-BF4B-00C04F79EFBC}") = "Discoteque.Business", "Discoteque.Business\Discoteque.Business.csproj", "{0D637603-6689-4F80-8347-6DA07120F3F3}"
EndProject
Project("{FAE04EC0-301F-11D3-BF4B-00C04F79EFBC}") = "Discoteque.Data", "Discoteque.Data\Discoteque.Data.csproj", "{E303F9A9-ECBC-4EA0-B32C-922EA9242450}"
EndProject
Global
	GlobalSection(SolutionConfigurationPlatforms) = preSolution
		Debug|Any CPU = Debug|Any CPU
		Release|Any CPU = Release|Any CPU
	EndGlobalSection
	GlobalSection(SolutionProperties) = preSolution
		HideSolutionNode = FALSE
	EndGlobalSection
	GlobalSection(ProjectConfigurationPlatforms) = postSolution
		{6BB6AB9A-F322-4C57-8C75-845D93F4B70E}.Debug|Any CPU.ActiveCfg = Debug|Any CPU
		{6BB6AB9A-F322-4C57-8C75-845D93F4B70E}.Debug|Any CPU.Build.0 = Debug|Any CPU
		{6BB6AB9A-F322-4C57-8C75-845D93F4B70E}.Release|Any CPU.ActiveCfg = Release|Any CPU
		{6BB6AB9A-F322-4C57-8C75-845D93F4B70E}.Release|Any CPU.Build.0 = Release|Any CPU
		{0D637603-6689-4F80-8347-6DA07120F3F3}.Debug|Any CPU.ActiveCfg = Debug|Any CPU
		{0D637603-6689-4F80-8347-6DA07120F3F3}.Debug|Any CPU.Build.0 = Debug|Any CPU
		{0D637603-6689-4F80-8347-6DA07120F3F3}.Release|Any CPU.ActiveCfg = Release|Any CPU
		{0D637603-6689-4F80-8347-6DA07120F3F3}.Release|Any CPU.Build.0 = Release|Any CPU
		{E303F9A9-ECBC-4EA0-B32C-922EA9242450}.Debug|Any CPU.ActiveCfg = Debug|Any CPU
		{E303F9A9-ECBC-4EA0-B32C-922EA9242450}.Debug|Any CPU.Build.0 = Debug|Any CPU
		{E303F9A9-ECBC-4EA0-B32C-922EA9242450}.Release|Any CPU.ActiveCfg = Release|Any CPU
		{E303F9A9-ECBC-4EA0-B32C-922EA9242450}.Release|Any CPU.Build.0 = Release|Any CPU
	EndGlobalSection
EndGlobal
